
Microsoft Visual Studio Solution File, Format Version 12.00
# Visual Studio Version 17
VisualStudioVersion = 17.3.32929.385
MinimumVisualStudioVersion = 10.0.40219.1
Project("{FAE04EC0-301F-11D3-BF4B-00C04F79EFBC}") = "LoginSmartHome", "LoginSmartHome\LoginSmartHome.csproj", "{FA9144CE-BB79-4AAD-9902-3678BA280498}"
EndProject
Global
	GlobalSection(SolutionConfigurationPlatforms) = preSolution
		Debug|Any CPU = Debug|Any CPU
		Release|Any CPU = Release|Any CPU
	EndGlobalSection
	GlobalSection(ProjectConfigurationPlatforms) = postSolution
		{FA9144CE-BB79-4AAD-9902-3678BA280498}.Debug|Any CPU.ActiveCfg = Debug|Any CPU
		{FA9144CE-BB79-4AAD-9902-3678BA280498}.Debug|Any CPU.Build.0 = Debug|Any CPU
		{FA9144CE-BB79-4AAD-9902-3678BA280498}.Release|Any CPU.ActiveCfg = Release|Any CPU
		{FA9144CE-BB79-4AAD-9902-3678BA280498}.Release|Any CPU.Build.0 = Release|Any CPU
	EndGlobalSection
	GlobalSection(SolutionProperties) = preSolution
		HideSolutionNode = FALSE
	EndGlobalSection
	GlobalSection(ExtensibilityGlobals) = postSolution
		SolutionGuid = {B0803B48-DB55-4FF6-8C22-4CC618D694C2}
	EndGlobalSection
EndGlobal
